
Microsoft Visual Studio Solution File, Format Version 12.00
# Visual Studio Version 16
VisualStudioVersion = 16.0.29215.179
MinimumVisualStudioVersion = 10.0.40219.1
Project("{FAE04EC0-301F-11D3-BF4B-00C04F79EFBC}") = "SQLServerGeneratorGUI", "SQLServerGeneratorGUI.csproj", "{96374BA4-36C8-4DC7-85D9-A67EE1FA2C60}"
EndProject
Global
	GlobalSection(SolutionConfigurationPlatforms) = preSolution
		Debug|Any CPU = Debug|Any CPU
		Release|Any CPU = Release|Any CPU
	EndGlobalSection
	GlobalSection(ProjectConfigurationPlatforms) = postSolution
		{96374BA4-36C8-4DC7-85D9-A67EE1FA2C60}.Debug|Any CPU.ActiveCfg = Debug|Any CPU
		{96374BA4-36C8-4DC7-85D9-A67EE1FA2C60}.Debug|Any CPU.Build.0 = Debug|Any CPU
		{96374BA4-36C8-4DC7-85D9-A67EE1FA2C60}.Release|Any CPU.ActiveCfg = Release|Any CPU
		{96374BA4-36C8-4DC7-85D9-A67EE1FA2C60}.Release|Any CPU.Build.0 = Release|Any CPU
	EndGlobalSection
	GlobalSection(SolutionProperties) = preSolution
		HideSolutionNode = FALSE
	EndGlobalSection
	GlobalSection(ExtensibilityGlobals) = postSolution
		SolutionGuid = {9913E034-229C-4A2D-AEC1-204BA8D3B04C}
	EndGlobalSection
EndGlobal
